
Microsoft Visual Studio Solution File, Format Version 12.00
# Visual Studio 2013
VisualStudioVersion = 12.0.21005.1
MinimumVisualStudioVersion = 10.0.40219.1
Project("{FAE04EC0-301F-11D3-BF4B-00C04F79EFBC}") = "ContactInformation", "ContactInformation\ContactInformation.csproj", "{14C20B6C-F5CF-4578-947A-47075C5AA91E}"
EndProject
Project("{FAE04EC0-301F-11D3-BF4B-00C04F79EFBC}") = "MyAPI", "MyAPI\MyAPI.csproj", "{491640CD-5A8E-4572-A90D-25169B198570}"
EndProject
Project("{FAE04EC0-301F-11D3-BF4B-00C04F79EFBC}") = "BLContacts", "BLContacts\BLContacts.csproj", "{FB5B2BDD-04CA-440E-BC76-FCF56BE7CAF2}"
EndProject
Project("{FAE04EC0-301F-11D3-BF4B-00C04F79EFBC}") = "DLContacts", "DLContacts\DLContacts.csproj", "{A113C3D4-10BE-44E0-A5B8-A53FB8F8E60D}"
EndProject
Project("{FAE04EC0-301F-11D3-BF4B-00C04F79EFBC}") = "ContactEntites", "ContactEntites\ContactEntites.csproj", "{C9438710-2189-44A0-B62D-A1F2A2892DF2}"
EndProject
Global
	GlobalSection(SolutionConfigurationPlatforms) = preSolution
		Debug|Any CPU = Debug|Any CPU
		Release|Any CPU = Release|Any CPU
	EndGlobalSection
	GlobalSection(ProjectConfigurationPlatforms) = postSolution
		{14C20B6C-F5CF-4578-947A-47075C5AA91E}.Debug|Any CPU.ActiveCfg = Debug|Any CPU
		{14C20B6C-F5CF-4578-947A-47075C5AA91E}.Debug|Any CPU.Build.0 = Debug|Any CPU
		{14C20B6C-F5CF-4578-947A-47075C5AA91E}.Release|Any CPU.ActiveCfg = Release|Any CPU
		{14C20B6C-F5CF-4578-947A-47075C5AA91E}.Release|Any CPU.Build.0 = Release|Any CPU
		{491640CD-5A8E-4572-A90D-25169B198570}.Debug|Any CPU.ActiveCfg = Debug|Any CPU
		{491640CD-5A8E-4572-A90D-25169B198570}.Debug|Any CPU.Build.0 = Debug|Any CPU
		{491640CD-5A8E-4572-A90D-25169B198570}.Release|Any CPU.ActiveCfg = Release|Any CPU
		{491640CD-5A8E-4572-A90D-25169B198570}.Release|Any CPU.Build.0 = Release|Any CPU
		{FB5B2BDD-04CA-440E-BC76-FCF56BE7CAF2}.Debug|Any CPU.ActiveCfg = Debug|Any CPU
		{FB5B2BDD-04CA-440E-BC76-FCF56BE7CAF2}.Debug|Any CPU.Build.0 = Debug|Any CPU
		{FB5B2BDD-04CA-440E-BC76-FCF56BE7CAF2}.Release|Any CPU.ActiveCfg = Release|Any CPU
		{FB5B2BDD-04CA-440E-BC76-FCF56BE7CAF2}.Release|Any CPU.Build.0 = Release|Any CPU
		{A113C3D4-10BE-44E0-A5B8-A53FB8F8E60D}.Debug|Any CPU.ActiveCfg = Debug|Any CPU
		{A113C3D4-10BE-44E0-A5B8-A53FB8F8E60D}.Debug|Any CPU.Build.0 = Debug|Any CPU
		{A113C3D4-10BE-44E0-A5B8-A53FB8F8E60D}.Release|Any CPU.ActiveCfg = Release|Any CPU
		{A113C3D4-10BE-44E0-A5B8-A53FB8F8E60D}.Release|Any CPU.Build.0 = Release|Any CPU
		{C9438710-2189-44A0-B62D-A1F2A2892DF2}.Debug|Any CPU.ActiveCfg = Debug|Any CPU
		{C9438710-2189-44A0-B62D-A1F2A2892DF2}.Debug|Any CPU.Build.0 = Debug|Any CPU
		{C9438710-2189-44A0-B62D-A1F2A2892DF2}.Release|Any CPU.ActiveCfg = Release|Any CPU
		{C9438710-2189-44A0-B62D-A1F2A2892DF2}.Release|Any CPU.Build.0 = Release|Any CPU
	EndGlobalSection
	GlobalSection(SolutionProperties) = preSolution
		HideSolutionNode = FALSE
	EndGlobalSection
EndGlobal
